
Microsoft Visual Studio Solution File, Format Version 12.00
# Visual Studio 15
VisualStudioVersion = 15.0.28307.757
MinimumVisualStudioVersion = 10.0.40219.1
Project("{FAE04EC0-301F-11D3-BF4B-00C04F79EFBC}") = "WindowsFormsApp13", "WindowsFormsApp13\WindowsFormsApp13.csproj", "{79FA440F-2D48-4B4B-97D2-93B5086458F5}"
EndProject
Global
	GlobalSection(SolutionConfigurationPlatforms) = preSolution
		Debug|Any CPU = Debug|Any CPU
		Release|Any CPU = Release|Any CPU
	EndGlobalSection
	GlobalSection(ProjectConfigurationPlatforms) = postSolution
		{79FA440F-2D48-4B4B-97D2-93B5086458F5}.Debug|Any CPU.ActiveCfg = Debug|Any CPU
		{79FA440F-2D48-4B4B-97D2-93B5086458F5}.Debug|Any CPU.Build.0 = Debug|Any CPU
		{79FA440F-2D48-4B4B-97D2-93B5086458F5}.Release|Any CPU.ActiveCfg = Release|Any CPU
		{79FA440F-2D48-4B4B-97D2-93B5086458F5}.Release|Any CPU.Build.0 = Release|Any CPU
	EndGlobalSection
	GlobalSection(SolutionProperties) = preSolution
		HideSolutionNode = FALSE
	EndGlobalSection
	GlobalSection(ExtensibilityGlobals) = postSolution
		SolutionGuid = {BFB2F815-38CE-4FBD-8759-D264D046758B}
	EndGlobalSection
EndGlobal
